
Microsoft Visual Studio Solution File, Format Version 12.00
# Visual Studio Version 16
VisualStudioVersion = 16.0.31911.196
MinimumVisualStudioVersion = 10.0.40219.1
Project("{FAE04EC0-301F-11D3-BF4B-00C04F79EFBC}") = "KanjiKanaEncodeDecode", "KanjiKanaEncodeDecode.csproj", "{6F995324-6A79-4B42-ADF5-CE11C97AE574}"
EndProject
Global
	GlobalSection(SolutionConfigurationPlatforms) = preSolution
		Debug|Any CPU = Debug|Any CPU
		Release|Any CPU = Release|Any CPU
	EndGlobalSection
	GlobalSection(ProjectConfigurationPlatforms) = postSolution
		{6F995324-6A79-4B42-ADF5-CE11C97AE574}.Debug|Any CPU.ActiveCfg = Debug|Any CPU
		{6F995324-6A79-4B42-ADF5-CE11C97AE574}.Debug|Any CPU.Build.0 = Debug|Any CPU
		{6F995324-6A79-4B42-ADF5-CE11C97AE574}.Release|Any CPU.ActiveCfg = Release|Any CPU
		{6F995324-6A79-4B42-ADF5-CE11C97AE574}.Release|Any CPU.Build.0 = Release|Any CPU
	EndGlobalSection
	GlobalSection(SolutionProperties) = preSolution
		HideSolutionNode = FALSE
	EndGlobalSection
	GlobalSection(ExtensibilityGlobals) = postSolution
		SolutionGuid = {E0789A5C-7B92-4EBF-A00C-6764ED43CF57}
	EndGlobalSection
EndGlobal
